
Microsoft Visual Studio Solution File, Format Version 12.00
# Visual Studio Version 17
VisualStudioVersion = 17.5.002.0
MinimumVisualStudioVersion = 10.0.40219.1
Project("{9A19103F-16F7-4668-BE54-9A1E7A4F7556}") = "FloatAB", "FloatAB.csproj", "{753FF5BD-D60F-4DF8-BDFB-EB3FF4C4F031}"
EndProject
Global
	GlobalSection(SolutionConfigurationPlatforms) = preSolution
		Debug|Any CPU = Debug|Any CPU
		Release|Any CPU = Release|Any CPU
	EndGlobalSection
	GlobalSection(ProjectConfigurationPlatforms) = postSolution
		{753FF5BD-D60F-4DF8-BDFB-EB3FF4C4F031}.Debug|Any CPU.ActiveCfg = Debug|Any CPU
		{753FF5BD-D60F-4DF8-BDFB-EB3FF4C4F031}.Debug|Any CPU.Build.0 = Debug|Any CPU
		{753FF5BD-D60F-4DF8-BDFB-EB3FF4C4F031}.Release|Any CPU.ActiveCfg = Release|Any CPU
		{753FF5BD-D60F-4DF8-BDFB-EB3FF4C4F031}.Release|Any CPU.Build.0 = Release|Any CPU
	EndGlobalSection
	GlobalSection(SolutionProperties) = preSolution
		HideSolutionNode = FALSE
	EndGlobalSection
	GlobalSection(ExtensibilityGlobals) = postSolution
		SolutionGuid = {B6A0DFEE-98C3-4CF7-BA18-FF0490672594}
	EndGlobalSection
EndGlobal
